
Microsoft Visual Studio Solution File, Format Version 12.00
# Visual Studio Version 17
VisualStudioVersion = 17.13.35825.156
MinimumVisualStudioVersion = 10.0.40219.1
Project("{FAE04EC0-301F-11D3-BF4B-00C04F79EFBC}") = "MergeXLSM", "MergeXLSM.csproj", "{F0A3E3FF-9C20-432C-ACE7-1BF9E02C87BB}"
EndProject
Global
	GlobalSection(SolutionConfigurationPlatforms) = preSolution
		Debug|Any CPU = Debug|Any CPU
		Debug|x64 = Debug|x64
		Release|Any CPU = Release|Any CPU
		Release|x64 = Release|x64
	EndGlobalSection
	GlobalSection(ProjectConfigurationPlatforms) = postSolution
		{F0A3E3FF-9C20-432C-ACE7-1BF9E02C87BB}.Debug|Any CPU.ActiveCfg = Debug|x64
		{F0A3E3FF-9C20-432C-ACE7-1BF9E02C87BB}.Debug|x64.ActiveCfg = Debug|x64
		{F0A3E3FF-9C20-432C-ACE7-1BF9E02C87BB}.Debug|x64.Build.0 = Debug|x64
		{F0A3E3FF-9C20-432C-ACE7-1BF9E02C87BB}.Release|Any CPU.ActiveCfg = Release|x64
		{F0A3E3FF-9C20-432C-ACE7-1BF9E02C87BB}.Release|x64.ActiveCfg = Release|x64
		{F0A3E3FF-9C20-432C-ACE7-1BF9E02C87BB}.Release|x64.Build.0 = Release|x64
	EndGlobalSection
	GlobalSection(SolutionProperties) = preSolution
		HideSolutionNode = FALSE
	EndGlobalSection
	GlobalSection(ExtensibilityGlobals) = postSolution
		SolutionGuid = {FBFFA7EE-B7F2-4FCD-8432-3BBE98394257}
	EndGlobalSection
EndGlobal
